
Microsoft Visual Studio Solution File, Format Version 12.00
# Visual Studio Version 16
VisualStudioVersion = 16.0.30320.27
MinimumVisualStudioVersion = 10.0.40219.1
Project("{FAE04EC0-301F-11D3-BF4B-00C04F79EFBC}") = "UWPTestApp1", "UWPTestApp1\UWPTestApp1.csproj", "{DDF24E02-1462-4C73-BA00-DFD7C38261F7}"
EndProject
Global
	GlobalSection(SolutionConfigurationPlatforms) = preSolution
		Debug|ARM = Debug|ARM
		Debug|ARM64 = Debug|ARM64
		Debug|x64 = Debug|x64
		Debug|x86 = Debug|x86
		Release|ARM = Release|ARM
		Release|ARM64 = Release|ARM64
		Release|x64 = Release|x64
		Release|x86 = Release|x86
	EndGlobalSection
	GlobalSection(ProjectConfigurationPlatforms) = postSolution
		{DDF24E02-1462-4C73-BA00-DFD7C38261F7}.Debug|ARM.ActiveCfg = Debug|ARM
		{DDF24E02-1462-4C73-BA00-DFD7C38261F7}.Debug|ARM.Build.0 = Debug|ARM
		{DDF24E02-1462-4C73-BA00-DFD7C38261F7}.Debug|ARM.Deploy.0 = Debug|ARM
		{DDF24E02-1462-4C73-BA00-DFD7C38261F7}.Debug|ARM64.ActiveCfg = Debug|ARM64
		{DDF24E02-1462-4C73-BA00-DFD7C38261F7}.Debug|ARM64.Build.0 = Debug|ARM64
		{DDF24E02-1462-4C73-BA00-DFD7C38261F7}.Debug|ARM64.Deploy.0 = Debug|ARM64
		{DDF24E02-1462-4C73-BA00-DFD7C38261F7}.Debug|x64.ActiveCfg = Debug|x64
		{DDF24E02-1462-4C73-BA00-DFD7C38261F7}.Debug|x64.Build.0 = Debug|x64
		{DDF24E02-1462-4C73-BA00-DFD7C38261F7}.Debug|x64.Deploy.0 = Debug|x64
		{DDF24E02-1462-4C73-BA00-DFD7C38261F7}.Debug|x86.ActiveCfg = Debug|x86
		{DDF24E02-1462-4C73-BA00-DFD7C38261F7}.Debug|x86.Build.0 = Debug|x86
		{DDF24E02-1462-4C73-BA00-DFD7C38261F7}.Debug|x86.Deploy.0 = Debug|x86
		{DDF24E02-1462-4C73-BA00-DFD7C38261F7}.Release|ARM.ActiveCfg = Release|ARM
		{DDF24E02-1462-4C73-BA00-DFD7C38261F7}.Release|ARM.Build.0 = Release|ARM
		{DDF24E02-1462-4C73-BA00-DFD7C38261F7}.Release|ARM.Deploy.0 = Release|ARM
		{DDF24E02-1462-4C73-BA00-DFD7C38261F7}.Release|ARM64.ActiveCfg = Release|ARM64
		{DDF24E02-1462-4C73-BA00-DFD7C38261F7}.Release|ARM64.Build.0 = Release|ARM64
		{DDF24E02-1462-4C73-BA00-DFD7C38261F7}.Release|ARM64.Deploy.0 = Release|ARM64
		{DDF24E02-1462-4C73-BA00-DFD7C38261F7}.Release|x64.ActiveCfg = Release|x64
		{DDF24E02-1462-4C73-BA00-DFD7C38261F7}.Release|x64.Build.0 = Release|x64
		{DDF24E02-1462-4C73-BA00-DFD7C38261F7}.Release|x64.Deploy.0 = Release|x64
		{DDF24E02-1462-4C73-BA00-DFD7C38261F7}.Release|x86.ActiveCfg = Release|x86
		{DDF24E02-1462-4C73-BA00-DFD7C38261F7}.Release|x86.Build.0 = Release|x86
		{DDF24E02-1462-4C73-BA00-DFD7C38261F7}.Release|x86.Deploy.0 = Release|x86
	EndGlobalSection
	GlobalSection(SolutionProperties) = preSolution
		HideSolutionNode = FALSE
	EndGlobalSection
	GlobalSection(ExtensibilityGlobals) = postSolution
		SolutionGuid = {CBA45902-BD1D-435A-B885-693F3EFB3F0E}
	EndGlobalSection
EndGlobal
